<?xml version="1.0" encoding="utf-8"?>
<Project ToolsVersion="4.0" xmlns="http://schemas.microsoft.com/developer/msbuild/2003">
  <ItemGroup>
    <Filter Include="Source Files">
      <UniqueIdentifier>{4FC737F1-C7A5-4376-A066-2A32D752A2FF}</UniqueIdentifier>
      <Extensions>cpp;c;cc;cxx;def;odl;idl;hpj;bat;asm;asmx</Extensions>
    </Filter>
    <Filter Include="Header Files">
      <UniqueIdentifier>{93995380-89BD-4b04-88EB-625FBE52EBFB}</UniqueIdentifier>
      <Extensions>h;hh;hpp;hxx;hm;inl;inc;xsd</Extensions>
    </Filter>
    <Filter Include="Resource Files">
      <UniqueIdentifier>{67DA6AB6-F800-4c08-8B7A-83BB121AAD01}</UniqueIdentifier>
      <Extensions>rc;ico;cur;bmp;dlg;rc2;rct;bin;rgs;gif;jpg;jpeg;jpe;resx;tiff;tif;png;wav;mfcribbon-ms</Extensions>
    </Filter>
    <Filter Include="Header Files\include">
      <UniqueIdentifier>{1a1b6e94-483c-4954-bc04-7c7690edef4b}</UniqueIdentifier>
    </Filter>
    <Filter Include="Header Files\System">
      <UniqueIdentifier>{b6eba8a7-7134-4e2d-a601-a5addb032e83}</UniqueIdentifier>
    </Filter>
    <Filter Include="Header Files\RenderObjects">
      <UniqueIdentifier>{373b664f-ad5d-4e78-b3e5-62187f32a781}</UniqueIdentifier>
    </Filter>
    <Filter Include="Source Files\System">
      <UniqueIdentifier>{aea62c53-27c8-4f6b-ae70-fc80572539a9}</UniqueIdentifier>
    </Filter>
    <Filter Include="Source Files\RenderObjects">
      <UniqueIdentifier>{4b4710e0-11af-4704-8fe6-a28d05cc8ef8}</UniqueIdentifier>
    </Filter>
  </ItemGroup>
  <ItemGroup>
    <ClInclude Include="src\Engine\Engine.h">
      <Filter>Header Files\include</Filter>
    </ClInclude>
    <ClInclude Include="src\Engine\System.h">
      <Filter>Header Files\include</Filter>
    </ClInclude>
    <ClInclude Include="src\Engine\RenderObjects.h">
      <Filter>Header Files\include</Filter>
    </ClInclude>
    <ClInclude Include="src\Engine\System\ApplicationSettings.h">
      <Filter>Header Files\System</Filter>
    </ClInclude>
    <ClInclude Include="src\Engine\System\CLog.h">
      <Filter>Header Files\System</Filter>
    </ClInclude>
    <ClInclude Include="src\Engine\System\CRenderer.h">
      <Filter>Header Files\System</Filter>
    </ClInclude>
    <ClInclude Include="src\Engine\System\CSceneManager.h">
      <Filter>Header Files\System</Filter>
    </ClInclude>
    <ClInclude Include="src\Engine\System\CTimer.h">
      <Filter>Header Files\System</Filter>
    </ClInclude>
    <ClInclude Include="src\Engine\System\IScene.h">
      <Filter>Header Files\System</Filter>
    </ClInclude>
    <ClInclude Include="src\Engine\System\TSingleton.h">
      <Filter>Header Files\System</Filter>
    </ClInclude>
    <ClInclude Include="src\Engine\RenderObjects\CCamera.h">
      <Filter>Header Files\RenderObjects</Filter>
    </ClInclude>
    <ClInclude Include="src\Engine\RenderObjects\CLight.h">
      <Filter>Header Files\RenderObjects</Filter>
    </ClInclude>
    <ClInclude Include="src\Engine\RenderObjects\IShape.h">
      <Filter>Header Files\RenderObjects</Filter>
    </ClInclude>
    <ClInclude Include="src\Engine\RenderObjects\Vertex.h">
      <Filter>Header Files\RenderObjects</Filter>
    </ClInclude>
    <ClInclude Include="src\Engine\RenderObjects\CCube.h">
      <Filter>Header Files\RenderObjects</Filter>
    </ClInclude>
  </ItemGroup>
  <ItemGroup>
    <ClCompile Include="src\Engine\RenderObjects\CCamera.cpp">
      <Filter>Source Files\RenderObjects</Filter>
    </ClCompile>
    <ClCompile Include="src\Engine\RenderObjects\CCube.cpp">
      <Filter>Source Files\RenderObjects</Filter>
    </ClCompile>
    <ClCompile Include="src\Engine\RenderObjects\CLight.cpp">
      <Filter>Source Files\RenderObjects</Filter>
    </ClCompile>
    <ClCompile Include="src\Engine\System\CTimer.cpp">
      <Filter>Source Files\System</Filter>
    </ClCompile>
    <ClCompile Include="src\Engine\System\CLog.cpp">
      <Filter>Source Files\System</Filter>
    </ClCompile>
    <ClCompile Include="src\Engine\System\CRenderer.cpp">
      <Filter>Source Files\System</Filter>
    </ClCompile>
    <ClCompile Include="src\Engine\System\CSceneManager.cpp">
      <Filter>Source Files\System</Filter>
    </ClCompile>
  </ItemGroup>
  <ItemGroup>
    <None Include="data\Shader\shader.shader">
      <Filter>Resource Files</Filter>
    </None>
  </ItemGroup>
  <ItemGroup>
    <Text Include="data\Log\LogStrings.txt">
      <Filter>Resource Files</Filter>
    </Text>
  </ItemGroup>
</Project>